// !$*UTF8*$!
{
	archiveVersion = 1;
	classes = {
	};
	objectVersion = 46;
	objects = {

/* Begin PBXBuildFile section */
		2D15F5A06614629179984E66 /* Pods_Ads123.framework in Frameworks */ = {isa = PBXBuildFile; fileRef = 92468F878D9B17ED845D6C4E /* Pods_Ads123.framework */; };
		4A6A1B141E2EC12A00FC20C2 /* AppDelegate.swift in Sources */ = {isa = PBXBuildFile; fileRef = 4A6A1B131E2EC12A00FC20C2 /* AppDelegate.swift */; };
		4A6A1B161E2EC12A00FC20C2 /* ViewController.swift in Sources */ = {isa = PBXBuildFile; fileRef = 4A6A1B151E2EC12A00FC20C2 /* ViewController.swift */; };
		4A6A1B191E2EC12A00FC20C2 /* Main.storyboard in Resources */ = {isa = PBXBuildFile; fileRef = 4A6A1B171E2EC12A00FC20C2 /* Main.storyboard */; };
		4A6A1B1B1E2EC12A00FC20C2 /* Assets.xcassets in Resources */ = {isa = PBXBuildFile; fileRef = 4A6A1B1A1E2EC12A00FC20C2 /* Assets.xcassets */; };
		4A6A1B1E1E2EC12A00FC20C2 /* LaunchScreen.storyboard in Resources */ = {isa = PBXBuildFile; fileRef = 4A6A1B1C1E2EC12A00FC20C2 /* LaunchScreen.storyboard */; };
		4A6A1B281E2EC2FF00FC20C2 /* GoogleService-Info.plist in Resources */ = {isa = PBXBuildFile; fileRef = 4A6A1B271E2EC2FF00FC20C2 /* GoogleService-Info.plist */; };
/* End PBXBuildFile section */

/* Begin PBXFileReference section */
		4A6A1B101E2EC12A00FC20C2 /* Ads123.app */ = {isa = PBXFileReference; explicitFileType = wrapper.application; includeInIndex = 0; path = Ads123.app; sourceTree = BUILT_PRODUCTS_DIR; };
		4A6A1B131E2EC12A00FC20C2 /* AppDelegate.swift */ = {isa = PBXFileReference; lastKnownFileType = sourcecode.swift; path = AppDelegate.swift; sourceTree = "<group>"; };
		4A6A1B151E2EC12A00FC20C2 /* ViewController.swift */ = {isa = PBXFileReference; lastKnownFileType = sourcecode.swift; path = ViewController.swift; sourceTree = "<group>"; };
		4A6A1B181E2EC12A00FC20C2 /* Base */ = {isa = PBXFileReference; lastKnownFileType = file.storyboard; name = Base; path = Base.lproj/Main.storyboard; sourceTree = "<group>"; };
		4A6A1B1A1E2EC12A00FC20C2 /* Assets.xcassets */ = {isa = PBXFileReference; lastKnownFileType = folder.assetcatalog; path = Assets.xcassets; sourceTree = "<group>"; };
		4A6A1B1D1E2EC12A00FC20C2 /* Base */ = {isa = PBXFileReference; lastKnownFileType = file.storyboard; name = Base; path = Base.lproj/LaunchScreen.storyboard; sourceTree = "<group>"; };
		4A6A1B1F1E2EC12A00FC20C2 /* Info.plist */ = {isa = PBXFileReference; lastKnownFileType = text.plist.xml; path = Info.plist; sourceTree = "<group>"; };
		4A6A1B271E2EC2FF00FC20C2 /* GoogleService-Info.plist */ = {isa = PBXFileReference; fileEncoding = 4; lastKnownFileType = text.plist.xml; path = "GoogleService-Info.plist"; sourceTree = "<group>"; };
		53F16FEE1BD18F30DA5B7F98 /* Pods-Ads123.release.xcconfig */ = {isa = PBXFileReference; includeInIndex = 1; lastKnownFileType = text.xcconfig; name = "Pods-Ads123.release.xcconfig"; path = "Pods/Target Support Files/Pods-Ads123/Pods-Ads123.release.xcconfig"; sourceTree = "<group>"; };
		92468F878D9B17ED845D6C4E /* Pods_Ads123.framework */ = {isa = PBXFileReference; explicitFileType = wrapper.framework; includeInIndex = 0; path = Pods_Ads123.framework; sourceTree = BUILT_PRODUCTS_DIR; };
		D8BF7C0EAF1D9D0FF7AAEAD8 /* Pods-Ads123.debug.xcconfig */ = {isa = PBXFileReference; includeInIndex = 1; lastKnownFileType = text.xcconfig; name = "Pods-Ads123.debug.xcconfig"; path = "Pods/Target Support Files/Pods-Ads123/Pods-Ads123.debug.xcconfig"; sourceTree = "<group>"; };
/* End PBXFileReference section */

/* Begin PBXFrameworksBuildPhase section */
		4A6A1B0D1E2EC12900FC20C2 /* Frameworks */ = {
			isa = PBXFrameworksBuildPhase;
			buildActionMask = 2147483647;
			files = (
				2D15F5A06614629179984E66 /* Pods_Ads123.framework in Frameworks */,
			);
			runOnlyForDeploymentPostprocessing = 0;
		};
/* End PBXFrameworksBuildPhase section */

/* Begin PBXGroup section */
		0C659534D41077DB975D3F5B /* Frameworks */ = {
			isa = PBXGroup;
			children = (
				92468F878D9B17ED845D6C4E /* Pods_Ads123.framework */,
			);
			name = Frameworks;
			sourceTree = "<group>";
		};
		4A6A1B071E2EC12800FC20C2 = {
			isa = PBXGroup;
			children = (
				4A6A1B121E2EC12A00FC20C2 /* Ads123 */,
				4A6A1B111E2EC12A00FC20C2 /* Products */,
				E73F887175D4CEF4FB13C841 /* Pods */,
				0C659534D41077DB975D3F5B /* Frameworks */,
			);
			sourceTree = "<group>";
		};
		4A6A1B111E2EC12A00FC20C2 /* Products */ = {
			isa = PBXGroup;
			children = (
				4A6A1B101E2EC12A00FC20C2 /* Ads123.app */,
			);
			name = Products;
			sourceTree = "<group>";
		};
		4A6A1B121E2EC12A00FC20C2 /* Ads123 */ = {
			isa = PBXGroup;
			children = (
				4A6A1B131E2EC12A00FC20C2 /* AppDelegate.swift */,
				4A6A1B151E2EC12A00FC20C2 /* ViewController.swift */,
				4A6A1B171E2EC12A00FC20C2 /* Main.storyboard */,
				4A6A1B1A1E2EC12A00FC20C2 /* Assets.xcassets */,
				4A6A1B1C1E2EC12A00FC20C2 /* LaunchScreen.storyboard */,
				4A6A1B1F1E2EC12A00FC20C2 /* Info.plist */,
				4A6A1B271E2EC2FF00FC20C2 /* GoogleService-Info.plist */,
			);
			path = Ads123;
			sourceTree = "<group>";
		};
		E73F887175D4CEF4FB13C841 /* Pods */ = {
			isa = PBXGroup;
			children = (
				D8BF7C0EAF1D9D0FF7AAEAD8 /* Pods-Ads123.debug.xcconfig */,
				53F16FEE1BD18F30DA5B7F98 /* Pods-Ads123.release.xcconfig */,
			);
			name = Pods;
			sourceTree = "<group>";
		};
/* End PBXGroup section */

/* Begin PBXNativeTarget section */
		4A6A1B0F1E2EC12900FC20C2 /* Ads123 */ = {
			isa = PBXNativeTarget;
			buildConfigurationList = 4A6A1B221E2EC12B00FC20C2 /* Build configuration list for PBXNativeTarget "Ads123" */;
			buildPhases = (
				8680D2957BF8E470C771CD3A /* [CP] Check Pods Manifest.lock */,
				4A6A1B0C1E2EC12900FC20C2 /* Sources */,
				4A6A1B0D1E2EC12900FC20C2 /* Frameworks */,
				4A6A1B0E1E2EC12900FC20C2 /* Resources */,
				84048A749F1E357FD2A87B95 /* [CP] Embed Pods Frameworks */,
				BC2AEC4787AD32482FCFF2E9 /* [CP] Copy Pods Resources */,
			);
			buildRules = (
			);
			dependencies = (
			);
			name = Ads123;
			productName = Ads123;
			productReference = 4A6A1B101E2EC12A00FC20C2 /* Ads123.app */;
			productType = "com.apple.product-type.application";
		};
/* End PBXNativeTarget section */

/* Begin PBXProject section */
		4A6A1B081E2EC12800FC20C2 /* Project object */ = {
			isa = PBXProject;
			attributes = {
				LastSwiftUpdateCheck = 0820;
				LastUpgradeCheck = 0820;
				ORGANIZATIONNAME = "Kasey Schlaudt";
				TargetAttributes = {
					4A6A1B0F1E2EC12900FC20C2 = {
						CreatedOnToolsVersion = 8.2.1;
						DevelopmentTeam = JKSR5823SA;
						ProvisioningStyle = Automatic;
					};
				};
			};
			buildConfigurationList = 4A6A1B0B1E2EC12800FC20C2 /* Build configuration list for PBXProject "Ads123" */;
			compatibilityVersion = "Xcode 3.2";
			developmentRegion = English;
			hasScannedForEncodings = 0;
			knownRegions = (
				en,
				Base,
			);
			mainGroup = 4A6A1B071E2EC12800FC20C2;
			productRefGroup = 4A6A1B111E2EC12A00FC20C2 /* Products */;
			projectDirPath = "";
			projectRoot = "";
			targets = (
				4A6A1B0F1E2EC12900FC20C2 /* Ads123 */,
			);
		};
/* End PBXProject section */

/* Begin PBXResourcesBuildPhase section */
		4A6A1B0E1E2EC12900FC20C2 /* Resources */ = {
			isa = PBXResourcesBuildPhase;
			buildActionMask = 2147483647;
			files = (
				4A6A1B1E1E2EC12A00FC20C2 /* LaunchScreen.storyboard in Resources */,
				4A6A1B281E2EC2FF00FC20C2 /* GoogleService-Info.plist in Resources */,
				4A6A1B1B1E2EC12A00FC20C2 /* Assets.xcassets in Resources */,
				4A6A1B191E2EC12A00FC20C2 /* Main.storyboard in Resources */,
			);
			runOnlyForDeploymentPostprocessing = 0;
		};
/* End PBXResourcesBuildPhase section */

/* Begin PBXShellScriptBuildPhase section */
		84048A749F1E357FD2A87B95 /* [CP] Embed Pods Frameworks */ = {
			isa = PBXShellScriptBuildPhase;
			buildActionMask = 2147483647;
			files = (
			);
			inputPaths = (
			);
			name = "[CP] Embed Pods Frameworks";
			outputPaths = (
			);
			runOnlyForDeploymentPostprocessing = 0;
			shellPath = /bin/sh;
			shellScript = "\"${SRCROOT}/Pods/Target Support Files/Pods-Ads123/Pods-Ads123-frameworks.sh\"\n";
			showEnvVarsInLog = 0;
		};
		8680D2957BF8E470C771CD3A /* [CP] Check Pods Manifest.lock */ = {
			isa = PBXShellScriptBuildPhase;
			buildActionMask = 2147483647;
			files = (
			);
			inputPaths = (
			);
			name = "[CP] Check Pods Manifest.lock";
			outputPaths = (
			);
			runOnlyForDeploymentPostprocessing = 0;
			shellPath = /bin/sh;
			shellScript = "diff \"${PODS_ROOT}/../Podfile.lock\" \"${PODS_ROOT}/Manifest.lock\" > /dev/null\nif [ $? != 0 ] ; then\n    # print error to STDERR\n    echo \"error: The sandbox is not in sync with the Podfile.lock. Run 'pod install' or update your CocoaPods installation.\" >&2\n    exit 1\nfi\n";
			showEnvVarsInLog = 0;
		};
		BC2AEC4787AD32482FCFF2E9 /* [CP] Copy Pods Resources */ = {
			isa = PBXShellScriptBuildPhase;
			buildActionMask = 2147483647;
			files = (
			);
			inputPaths = (
			);
			name = "[CP] Copy Pods Resources";
			outputPaths = (
			);
			runOnlyForDeploymentPostprocessing = 0;
			shellPath = /bin/sh;
			shellScript = "\"${SRCROOT}/Pods/Target Support Files/Pods-Ads123/Pods-Ads123-resources.sh\"\n";
			showEnvVarsInLog = 0;
		};
/* End PBXShellScriptBuildPhase section */

/* Begin PBXSourcesBuildPhase section */
		4A6A1B0C1E2EC12900FC20C2 /* Sources */ = {
			isa = PBXSourcesBuildPhase;
			buildActionMask = 2147483647;
			files = (
				4A6A1B161E2EC12A00FC20C2 /* ViewController.swift in Sources */,
				4A6A1B141E2EC12A00FC20C2 /* AppDelegate.swift in Sources */,
			);
			runOnlyForDeploymentPostprocessing = 0;
		};
/* End PBXSourcesBuildPhase section */

/* Begin PBXVariantGroup section */
		4A6A1B171E2EC12A00FC20C2 /* Main.storyboard */ = {
			isa = PBXVariantGroup;
			children = (
				4A6A1B181E2EC12A00FC20C2 /* Base */,
			);
			name = Main.storyboard;
			sourceTree = "<group>";
		};
		4A6A1B1C1E2EC12A00FC20C2 /* LaunchScreen.storyboard */ = {
			isa = PBXVariantGroup;
			children = (
				4A6A1B1D1E2EC12A00FC20C2 /* Base */,
			);
			name = LaunchScreen.storyboard;
			sourceTree = "<group>";
		};
/* End PBXVariantGroup section */

/* Begin XCBuildConfiguration section */
		4A6A1B201E2EC12A00FC20C2 /* Debug */ = {
			isa = XCBuildConfiguration;
			buildSettings = {
				ALWAYS_SEARCH_USER_PATHS = NO;
				CLANG_ANALYZER_NONNULL = YES;
				CLANG_CXX_LANGUAGE_STANDARD = "gnu++0x";
				CLANG_CXX_LIBRARY = "libc++";
				CLANG_ENABLE_MODULES = YES;
				CLANG_ENABLE_OBJC_ARC = YES;
				CLANG_WARN_BOOL_CONVERSION = YES;
				CLANG_WARN_CONSTANT_CONVERSION = YES;
				CLANG_WARN_DIRECT_OBJC_ISA_USAGE = YES_ERROR;
				CLANG_WARN_DOCUMENTATION_COMMENTS = YES;
				CLANG_WARN_EMPTY_BODY = YES;
				CLANG_WARN_ENUM_CONVERSION = YES;
				CLANG_WARN_INFINITE_RECURSION = YES;
				CLANG_WARN_INT_CONVERSION = YES;
				CLANG_WARN_OBJC_ROOT_CLASS = YES_ERROR;
				CLANG_WARN_SUSPICIOUS_MOVE = YES;
				CLANG_WARN_UNREACHABLE_CODE = YES;
				CLANG_WARN__DUPLICATE_METHOD_MATCH = YES;
				"CODE_SIGN_IDENTITY[sdk=iphoneos*]" = "iPhone Developer";
				COPY_PHASE_STRIP = NO;
				DEBUG_INFORMATION_FORMAT = dwarf;
				ENABLE_STRICT_OBJC_MSGSEND = YES;
				ENABLE_TESTABILITY = YES;
				GCC_C_LANGUAGE_STANDARD = gnu99;
				GCC_DYNAMIC_NO_PIC = NO;
				GCC_NO_COMMON_BLOCKS = YES;
				GCC_OPTIMIZATION_LEVEL = 0;
				GCC_PREPROCESSOR_DEFINITIONS = (
					"DEBUG=1",
					"$(inherited)",
				);
				GCC_WARN_64_TO_32_BIT_CONVERSION = YES;
				GCC_WARN_ABOUT_RETURN_TYPE = YES_ERROR;
				GCC_WARN_UNDECLARED_SELECTOR = YES;
				GCC_WARN_UNINITIALIZED_AUTOS = YES_AGGRESSIVE;
				GCC_WARN_UNUSED_FUNCTION = YES;
				GCC_WARN_UNUSED_VARIABLE = YES;
				IPHONEOS_DEPLOYMENT_TARGET = 10.2;
				MTL_ENABLE_DEBUG_INFO = YES;
				ONLY_ACTIVE_ARCH = YES;
				SDKROOT = iphoneos;
				SWIFT_ACTIVE_COMPILATION_CONDITIONS = DEBUG;
				SWIFT_OPTIMIZATION_LEVEL = "-Onone";
				TARGETED_DEVICE_FAMILY = "1,2";
			};
			name = Debug;
		};
		4A6A1B211E2EC12A00FC20C2 /* Release */ = {
			isa = XCBuildConfiguration;
			buildSettings = {
				ALWAYS_SEARCH_USER_PATHS = NO;
				CLANG_ANALYZER_NONNULL = YES;
				CLANG_CXX_LANGUAGE_STANDARD = "gnu++0x";
				CLANG_CXX_LIBRARY = "libc++";
				CLANG_ENABLE_MODULES = YES;
				CLANG_ENABLE_OBJC_ARC = YES;
				CLANG_WARN_BOOL_CONVERSION = YES;
				CLANG_WARN_CONSTANT_CONVERSION = YES;
				CLANG_WARN_DIRECT_OBJC_ISA_USAGE = YES_ERROR;
				CLANG_WARN_DOCUMENTATION_COMMENTS = YES;
				CLANG_WARN_EMPTY_BODY = YES;
				CLANG_WARN_ENUM_CONVERSION = YES;
				CLANG_WARN_INFINITE_RECURSION = YES;
				CLANG_WARN_INT_CONVERSION = YES;
				CLANG_WARN_OBJC_ROOT_CLASS = YES_ERROR;
				CLANG_WARN_SUSPICIOUS_MOVE = YES;
				CLANG_WARN_UNREACHABLE_CODE = YES;
				CLANG_WARN__DUPLICATE_METHOD_MATCH = YES;
				"CODE_SIGN_IDENTITY[sdk=iphoneos*]" = "iPhone Developer";
				COPY_PHASE_STRIP = NO;
				DEBUG_INFORMATION_FORMAT = "dwarf-with-dsym";
				ENABLE_NS_ASSERTIONS = NO;
				ENABLE_STRICT_OBJC_MSGSEND = YES;
				GCC_C_LANGUAGE_STANDARD = gnu99;
				GCC_NO_COMMON_BLOCKS = YES;
				GCC_WARN_64_TO_32_BIT_CONVERSION = YES;
				GCC_WARN_ABOUT_RETURN_TYPE = YES_ERROR;
				GCC_WARN_UNDECLARED_SELECTOR = YES;
				GCC_WARN_UNINITIALIZED_AUTOS = YES_AGGRESSIVE;
				GCC_WARN_UNUSED_FUNCTION = YES;
				GCC_WARN_UNUSED_VARIABLE = YES;
				IPHONEOS_DEPLOYMENT_TARGET = 10.2;
				MTL_ENABLE_DEBUG_INFO = NO;
				SDKROOT = iphoneos;
				SWIFT_OPTIMIZATION_LEVEL = "-Owholemodule";
				TARGETED_DEVICE_FAMILY = "1,2";
				VALIDATE_PRODUCT = YES;
			};
			name = Release;
		};
		4A6A1B231E2EC12B00FC20C2 /* Debug */ = {
			isa = XCBuildConfiguration;
			baseConfigurationReference = D8BF7C0EAF1D9D0FF7AAEAD8 /* Pods-Ads123.debug.xcconfig */;
			buildSettings = {
				ASSETCATALOG_COMPILER_APPICON_NAME = AppIcon;
				"CODE_SIGN_IDENTITY[sdk=iphoneos*]" = "iPhone Developer";
				DEVELOPMENT_TEAM = JKSR5823SA;
				INFOPLIST_FILE = Ads123/Info.plist;
				LD_RUNPATH_SEARCH_PATHS = "$(inherited) @executable_path/Frameworks";
				PRODUCT_BUNDLE_IDENTIFIER = com.kaseyschlaudt.Ads123;
				PRODUCT_NAME = "$(TARGET_NAME)";
				SWIFT_VERSION = 3.0;
			};
			name = Debug;
		};
		4A6A1B241E2EC12B00FC20C2 /* Release */ = {
			isa = XCBuildConfiguration;
			baseConfigurationReference = 53F16FEE1BD18F30DA5B7F98 /* Pods-Ads123.release.xcconfig */;
			buildSettings = {
				ASSETCATALOG_COMPILER_APPICON_NAME = AppIcon;
				"CODE_SIGN_IDENTITY[sdk=iphoneos*]" = "iPhone Developer";
				DEVELOPMENT_TEAM = JKSR5823SA;
				INFOPLIST_FILE = Ads123/Info.plist;
				LD_RUNPATH_SEARCH_PATHS = "$(inherited) @executable_path/Frameworks";
				PRODUCT_BUNDLE_IDENTIFIER = com.kaseyschlaudt.Ads123;
				PRODUCT_NAME = "$(TARGET_NAME)";
				SWIFT_VERSION = 3.0;
			};
			name = Release;
		};
/* End XCBuildConfiguration section */

/* Begin XCConfigurationList section */
		4A6A1B0B1E2EC12800FC20C2 /* Build configuration list for PBXProject "Ads123" */ = {
			isa = XCConfigurationList;
			buildConfigurations = (
				4A6A1B201E2EC12A00FC20C2 /* Debug */,
				4A6A1B211E2EC12A00FC20C2 /* Release */,
			);
			defaultConfigurationIsVisible = 0;
			defaultConfigurationName = Release;
		};
		4A6A1B221E2EC12B00FC20C2 /* Build configuration list for PBXNativeTarget "Ads123" */ = {
			isa = XCConfigurationList;
			buildConfigurations = (
				4A6A1B231E2EC12B00FC20C2 /* Debug */,
				4A6A1B241E2EC12B00FC20C2 /* Release */,
			);
			defaultConfigurationIsVisible = 0;
			defaultConfigurationName = Release;
		};
/* End XCConfigurationList section */
	};
	rootObject = 4A6A1B081E2EC12800FC20C2 /* Project object */;
}
